PODS:
  - Alamofire (5.10.2)
  - AppAuth (2.0.0):
    - AppAuth/Core (= 2.0.0)
    - AppAuth/ExternalUserAgent (= 2.0.0)
  - AppAuth/Core (2.0.0)
  - AppAuth/ExternalUserAgent (2.0.0):
    - AppAuth/Core
  - AppCheckCore (11.2.0):
    - GoogleUtilities/Environment (~> 8.0)
    - GoogleUtilities/UserDefaults (~> 8.0)
    - PromisesObjC (~> 2.4)
  - Capacitor (8.3.0):
    - CapacitorCordova
  - Capacitor3KakaoLogin (0.8.7):
    - Capacitor
    - KakaoSDKAuth
    - KakaoSDKCommon
    - KakaoSDKShare
    - KakaoSDKTalk
    - KakaoSDKTemplate
    - KakaoSDKUser
  - CapacitorApp (8.0.0):
    - Capacitor
  - CapacitorBrowser (8.0.1):
    - Capacitor
  - CapacitorCamera (8.2.0):
    - Capacitor
    - IONCameraLib (~> 1.0.4)
  - CapacitorCommunityAppleSignIn (7.1.0):
    - Capacitor
  - CapacitorCommunityFcm (8.1.0):
    - Capacitor
    - FirebaseMessaging
  - CapacitorCordova (8.3.0)
  - CapacitorDevice (8.0.1):
    - Capacitor
  - CapacitorKeyboard (8.0.3):
    - Capacitor
  - CapacitorNetwork (8.0.1):
    - Capacitor
  - CapacitorPushNotifications (8.0.1):
    - Capacitor
  - CapacitorSplashScreen (8.0.1):
    - Capacitor
  - CapacitorToast (8.0.0):
    - Capacitor
  - CapawesomeCapacitorBadge (8.0.1):
    - Capacitor
  - CapgoCapacitorSocialLogin (8.3.14):
    - Alamofire (~> 5.10.2)
    - Capacitor
    - FBSDKCoreKit (~> 18.0)
    - FBSDKLoginKit (~> 18.0)
    - GoogleSignIn (~> 9.0.0)
  - FBAEMKit (18.0.3):
    - FBSDKCoreKit_Basics (= 18.0.3)
  - FBSDKCoreKit (18.0.3):
    - FBAEMKit (= 18.0.3)
    - FBSDKCoreKit_Basics (= 18.0.3)
  - FBSDKCoreKit_Basics (18.0.3)
  - FBSDKLoginKit (18.0.3):
    - FBSDKCoreKit (= 18.0.3)
  - FirebaseCore (12.12.1):
    - FirebaseCoreInternal (~> 12.12.0)
    - GoogleUtilities/Environment (~> 8.1)
    - GoogleUtilities/Logger (~> 8.1)
  - FirebaseCoreInternal (12.12.0):
    - "GoogleUtilities/NSData+zlib (~> 8.1)"
  - FirebaseInstallations (12.12.0):
    - FirebaseCore (~> 12.12.0)
    - GoogleUtilities/Environment (~> 8.1)
    - GoogleUtilities/UserDefaults (~> 8.1)
    - PromisesObjC (~> 2.4)
  - FirebaseMessaging (12.12.0):
    - FirebaseCore (~> 12.12.0)
    - FirebaseInstallations (~> 12.12.0)
    - GoogleDataTransport (~> 10.1)
    - GoogleUtilities/AppDelegateSwizzler (~> 8.1)
    - GoogleUtilities/Environment (~> 8.1)
    - GoogleUtilities/Reachability (~> 8.1)
    - GoogleUtilities/UserDefaults (~> 8.1)
    - nanopb (~> 3.30910.0)
  - GoogleDataTransport (10.1.0):
    - nanopb (~> 3.30910.0)
    - PromisesObjC (~> 2.4)
  - GoogleSignIn (9.0.0):
    - AppAuth (~> 2.0)
    - AppCheckCore (~> 11.0)
    - GTMAppAuth (~> 5.0)
    - GTMSessionFetcher/Core (~> 3.3)
  - GoogleUtilities/AppDelegateSwizzler (8.1.0):
    - GoogleUtilities/Environment
    - GoogleUtilities/Logger
    - GoogleUtilities/Network
    - GoogleUtilities/Privacy
  - GoogleUtilities/Environment (8.1.0):
    - GoogleUtilities/Privacy
  - GoogleUtilities/Logger (8.1.0):
    - GoogleUtilities/Environment
    - GoogleUtilities/Privacy
  - GoogleUtilities/Network (8.1.0):
    - GoogleUtilities/Logger
    - "GoogleUtilities/NSData+zlib"
    - GoogleUtilities/Privacy
    - GoogleUtilities/Reachability
  - "GoogleUtilities/NSData+zlib (8.1.0)":
    - GoogleUtilities/Privacy
  - GoogleUtilities/Privacy (8.1.0)
  - GoogleUtilities/Reachability (8.1.0):
    - GoogleUtilities/Logger
    - GoogleUtilities/Privacy
  - GoogleUtilities/UserDefaults (8.1.0):
    - GoogleUtilities/Logger
    - GoogleUtilities/Privacy
  - GTMAppAuth (5.0.0):
    - AppAuth/Core (~> 2.0)
    - GTMSessionFetcher/Core (< 4.0, >= 3.3)
  - GTMSessionFetcher/Core (3.5.0)
  - IONCameraLib (1.0.4)
  - KakaoSDKAuth (2.21.1):
    - KakaoSDKCommon (= 2.21.1)
  - KakaoSDKCommon (2.21.1):
    - KakaoSDKCommon/Common (= 2.21.1)
    - KakaoSDKCommon/Network (= 2.21.1)
  - KakaoSDKCommon/Common (2.21.1)
  - KakaoSDKCommon/Network (2.21.1):
    - Alamofire (~> 5.1)
    - KakaoSDKCommon/Common (= 2.21.1)
  - KakaoSDKShare (2.21.1):
    - KakaoSDKCommon (= 2.21.1)
    - KakaoSDKTemplate (= 2.21.1)
  - KakaoSDKTalk (2.21.1):
    - KakaoSDKTemplate (= 2.21.1)
    - KakaoSDKUser (= 2.21.1)
  - KakaoSDKTemplate (2.21.1):
    - KakaoSDKCommon/Common (= 2.21.1)
  - KakaoSDKUser (2.21.1):
    - KakaoSDKAuth (= 2.21.1)
  - nanopb (3.30910.0):
    - nanopb/decode (= 3.30910.0)
    - nanopb/encode (= 3.30910.0)
  - nanopb/decode (3.30910.0)
  - nanopb/encode (3.30910.0)
  - naveridlogin-sdk-ios (4.2.3)
  - PromisesObjC (2.4.0)
  - TeamLepisodeCapacitorNaverLogin (7.0.0):
    - Capacitor
    - naveridlogin-sdk-ios (>= 4.2.1)

DEPENDENCIES:
  - "Capacitor (from `../../node_modules/.pnpm/@capacitor+ios@8.3.0_@capacitor+core@8.0.2/node_modules/@capacitor/ios`)"
  - "Capacitor3KakaoLogin (from `../../node_modules/.pnpm/capacitor3-kakao-login@0.8.7_@capacitor+core@8.0.2/node_modules/capacitor3-kakao-login`)"
  - "CapacitorApp (from `../../node_modules/.pnpm/@capacitor+app@8.0.0_@capacitor+core@8.0.2/node_modules/@capacitor/app`)"
  - "CapacitorBrowser (from `../../node_modules/.pnpm/@capacitor+browser@8.0.1_@capacitor+core@8.0.2/node_modules/@capacitor/browser`)"
  - "CapacitorCamera (from `../../node_modules/.pnpm/@capacitor+camera@8.2.0_@capacitor+core@8.0.2/node_modules/@capacitor/camera`)"
  - "CapacitorCommunityAppleSignIn (from `../../node_modules/.pnpm/@capacitor-community+apple-sign-in@7.1.0_@capacitor+core@8.0.2/node_modules/@capacitor-community/apple-sign-in`)"
  - "CapacitorCommunityFcm (from `../../node_modules/.pnpm/@capacitor-community+fcm@8.1.0_@capacitor+core@8.0.2/node_modules/@capacitor-community/fcm`)"
  - "CapacitorCordova (from `../../node_modules/.pnpm/@capacitor+ios@8.3.0_@capacitor+core@8.0.2/node_modules/@capacitor/ios`)"
  - "CapacitorDevice (from `../../node_modules/.pnpm/@capacitor+device@8.0.1_@capacitor+core@8.0.2/node_modules/@capacitor/device`)"
  - "CapacitorKeyboard (from `../../node_modules/.pnpm/@capacitor+keyboard@8.0.3_@capacitor+core@8.0.2/node_modules/@capacitor/keyboard`)"
  - "CapacitorNetwork (from `../../node_modules/.pnpm/@capacitor+network@8.0.1_@capacitor+core@8.0.2/node_modules/@capacitor/network`)"
  - "CapacitorPushNotifications (from `../../node_modules/.pnpm/@capacitor+push-notifications@8.0.1_@capacitor+core@8.0.2/node_modules/@capacitor/push-notifications`)"
  - "CapacitorSplashScreen (from `../../node_modules/.pnpm/@capacitor+splash-screen@8.0.1_@capacitor+core@8.0.2/node_modules/@capacitor/splash-screen`)"
  - "CapacitorToast (from `../../node_modules/.pnpm/@capacitor+toast@8.0.0_@capacitor+core@8.0.2/node_modules/@capacitor/toast`)"
  - "CapawesomeCapacitorBadge (from `../../node_modules/.pnpm/@capawesome+capacitor-badge@8.0.1_@capacitor+core@8.0.2/node_modules/@capawesome/capacitor-badge`)"
  - "CapgoCapacitorSocialLogin (from `../../node_modules/.pnpm/@capgo+capacitor-social-login@8.3.14_@capacitor+core@8.0.2/node_modules/@capgo/capacitor-social-login`)"
  - FirebaseCore
  - FirebaseMessaging
  - "TeamLepisodeCapacitorNaverLogin (from `../../node_modules/.pnpm/@team-lepisode+capacitor-naver-login@7.0.0_@capacitor+core@8.0.2/node_modules/@team-lepisode/capacitor-naver-login`)"

SPEC REPOS:
  trunk:
    - Alamofire
    - AppAuth
    - AppCheckCore
    - FBAEMKit
    - FBSDKCoreKit
    - FBSDKCoreKit_Basics
    - FBSDKLoginKit
    - FirebaseCore
    - FirebaseCoreInternal
    - FirebaseInstallations
    - FirebaseMessaging
    - GoogleDataTransport
    - GoogleSignIn
    - GoogleUtilities
    - GTMAppAuth
    - GTMSessionFetcher
    - IONCameraLib
    - KakaoSDKAuth
    - KakaoSDKCommon
    - KakaoSDKShare
    - KakaoSDKTalk
    - KakaoSDKTemplate
    - KakaoSDKUser
    - nanopb
    - naveridlogin-sdk-ios
    - PromisesObjC

EXTERNAL SOURCES:
  Capacitor:
    :path: "../../node_modules/.pnpm/@capacitor+ios@8.3.0_@capacitor+core@8.0.2/node_modules/@capacitor/ios"
  Capacitor3KakaoLogin:
    :path: "../../node_modules/.pnpm/capacitor3-kakao-login@0.8.7_@capacitor+core@8.0.2/node_modules/capacitor3-kakao-login"
  CapacitorApp:
    :path: "../../node_modules/.pnpm/@capacitor+app@8.0.0_@capacitor+core@8.0.2/node_modules/@capacitor/app"
  CapacitorBrowser:
    :path: "../../node_modules/.pnpm/@capacitor+browser@8.0.1_@capacitor+core@8.0.2/node_modules/@capacitor/browser"
  CapacitorCamera:
    :path: "../../node_modules/.pnpm/@capacitor+camera@8.2.0_@capacitor+core@8.0.2/node_modules/@capacitor/camera"
  CapacitorCommunityAppleSignIn:
    :path: "../../node_modules/.pnpm/@capacitor-community+apple-sign-in@7.1.0_@capacitor+core@8.0.2/node_modules/@capacitor-community/apple-sign-in"
  CapacitorCommunityFcm:
    :path: "../../node_modules/.pnpm/@capacitor-community+fcm@8.1.0_@capacitor+core@8.0.2/node_modules/@capacitor-community/fcm"
  CapacitorCordova:
    :path: "../../node_modules/.pnpm/@capacitor+ios@8.3.0_@capacitor+core@8.0.2/node_modules/@capacitor/ios"
  CapacitorDevice:
    :path: "../../node_modules/.pnpm/@capacitor+device@8.0.1_@capacitor+core@8.0.2/node_modules/@capacitor/device"
  CapacitorKeyboard:
    :path: "../../node_modules/.pnpm/@capacitor+keyboard@8.0.3_@capacitor+core@8.0.2/node_modules/@capacitor/keyboard"
  CapacitorNetwork:
    :path: "../../node_modules/.pnpm/@capacitor+network@8.0.1_@capacitor+core@8.0.2/node_modules/@capacitor/network"
  CapacitorPushNotifications:
    :path: "../../node_modules/.pnpm/@capacitor+push-notifications@8.0.1_@capacitor+core@8.0.2/node_modules/@capacitor/push-notifications"
  CapacitorSplashScreen:
    :path: "../../node_modules/.pnpm/@capacitor+splash-screen@8.0.1_@capacitor+core@8.0.2/node_modules/@capacitor/splash-screen"
  CapacitorToast:
    :path: "../../node_modules/.pnpm/@capacitor+toast@8.0.0_@capacitor+core@8.0.2/node_modules/@capacitor/toast"
  CapawesomeCapacitorBadge:
    :path: "../../node_modules/.pnpm/@capawesome+capacitor-badge@8.0.1_@capacitor+core@8.0.2/node_modules/@capawesome/capacitor-badge"
  CapgoCapacitorSocialLogin:
    :path: "../../node_modules/.pnpm/@capgo+capacitor-social-login@8.3.14_@capacitor+core@8.0.2/node_modules/@capgo/capacitor-social-login"
  TeamLepisodeCapacitorNaverLogin:
    :path: "../../node_modules/.pnpm/@team-lepisode+capacitor-naver-login@7.0.0_@capacitor+core@8.0.2/node_modules/@team-lepisode/capacitor-naver-login"

SPEC CHECKSUMS:
  Alamofire: 7193b3b92c74a07f85569e1a6c4f4237291e7496
  AppAuth: 1c1a8afa7e12f2ec3a294d9882dfa5ab7d3cb063
  AppCheckCore: cc8fd0a3a230ddd401f326489c99990b013f0c4f
  Capacitor: 22e541237135648c9aa736232bb4d2eec35fddcb
  Capacitor3KakaoLogin: c48437e94bf1920730caeed35f35695fad783eb6
  CapacitorApp: 3963a84197280757b84f126afd1520a85ae3b092
  CapacitorBrowser: e72e572d5dbdbb854fda5950586a2451e981f2d6
  CapacitorCamera: 8f6acf83664118321111e76acef86390211ccb08
  CapacitorCommunityAppleSignIn: 271cb2860576fd2961508bbfa7a82117d93eadca
  CapacitorCommunityFcm: 8e659cf3177bb510011b328cf5809ae3e93721a5
  CapacitorCordova: 2e1e2bb93b2f365309dc4ff18b72b9a69a7814a9
  CapacitorDevice: ff033fa0c4ec19f5e059a073769a9b2347e69f57
  CapacitorKeyboard: 31c8285d92c9d1410071d52449f16d2c6673b6f4
  CapacitorNetwork: 8812ce60d11fb63d8f2e4ba51a49b2e59892ebe2
  CapacitorPushNotifications: 99644101c6a82036e459929b6d897ee1cb27d97f
  CapacitorSplashScreen: 4b46c72298db552b3c57ce021ef028b6dc7f1fa7
  CapacitorToast: aefebcd4cead9f44a04ace80c66a7eb4031751e7
  CapawesomeCapacitorBadge: 0a65ef36db6c236b41f324df5a2f12fe8cdd4a29
  CapgoCapacitorSocialLogin: cc90792978d4d3225aabef8112e696c0a7aa3c12
  FBAEMKit: 2a6b529993713c185b02bc36f8c91129bf78dfb0
  FBSDKCoreKit: 65d7f7a7d6fcc3aa6eb6e093ec737a4184fc6049
  FBSDKCoreKit_Basics: 7bc9d8fde8f70985fba2ed7c1d07e319f969a991
  FBSDKLoginKit: 66d20fcb7afcafc0c420477662f96845cd1a5179
  FirebaseCore: 86241206e656f5c80c995e370e6c975913b9b284
  FirebaseCoreInternal: 7c12fc3011d889085e765e317d7b9fd1cef97af9
  FirebaseInstallations: 4e6e162aa4abaaeeeb01dd00179dfc5ad9c2194e
  FirebaseMessaging: 341004946fa7ffc741344b20f1b667514fc93e31
  GoogleDataTransport: aae35b7ea0c09004c3797d53c8c41f66f219d6a7
  GoogleSignIn: c7f09cfbc85a1abf69187be091997c317cc33b77
  GoogleUtilities: 00c88b9a86066ef77f0da2fab05f65d7768ed8e1
  GTMAppAuth: 217a876b249c3c585a54fd6f73e6b58c4f5c4238
  GTMSessionFetcher: 5aea5ba6bd522a239e236100971f10cb71b96ab6
  IONCameraLib: f2349804460bd9e3f892e42109b8d996ab3fa19d
  KakaoSDKAuth: 28343159dd60ee9bbb61ff25d45d9769fcef6b8c
  KakaoSDKCommon: 7938fce8e5ba3e73490f1928e55b20b510a0685b
  KakaoSDKShare: b5e879fbcedc8930df9789bf8a9c91d4471a0056
  KakaoSDKTalk: fba042148bf9dad0590a6ab7f175e2fe895fd488
  KakaoSDKTemplate: 4458958285d9fc97dff1483184b6f810a938a249
  KakaoSDKUser: 35608bb49bbc644f507561d8b8a33dec1c5eb360
  nanopb: fad817b59e0457d11a5dfbde799381cd727c1275
  naveridlogin-sdk-ios: d9d46d02119d303023d7000cd5963864d5bb89e5
  PromisesObjC: f5707f49cb48b9636751c5b2e7d227e43fba9f47
  TeamLepisodeCapacitorNaverLogin: f226aa83f0c68600726d54c39e994cbe7b68c911

PODFILE CHECKSUM: 184de67e08a7a6d57e433e3fcd66e595a175944a

COCOAPODS: 1.16.2
